
Microsoft Visual Studio Solution File, Format Version 12.00
# Visual Studio 2012
Project("{8BC9CEB8-8B4A-11D0-8D11-00A0C91BC942}") = "HideDir", "HideDir\HideDir.vcxproj", "{112E386D-993C-4290-88D1-AF240977E22F}"
EndProject
Project("{8BC9CEB8-8B4A-11D0-8D11-00A0C91BC942}") = "HideDir Package", "HideDir Package\HideDir Package.vcxproj", "{96456F22-C080-4E9C-8B7B-DE8CCCFDDCA9}"
	ProjectSection(ProjectDependencies) = postProject
		{112E386D-993C-4290-88D1-AF240977E22F} = {112E386D-993C-4290-88D1-AF240977E22F}
	EndProjectSection
EndProject
Project("{8BC9CEB8-8B4A-11D0-8D11-00A0C91BC942}") = "exe", "exe\exe.vcxproj", "{FB571E44-863E-4296-9105-8A7B5CAD30B4}"
EndProject
Global
	GlobalSection(SolutionConfigurationPlatforms) = preSolution
		Debug|Win32 = Debug|Win32
		Debug|x64 = Debug|x64
		Release|Win32 = Release|Win32
		Release|x64 = Release|x64
		Win7 Debug|Win32 = Win7 Debug|Win32
		Win7 Debug|x64 = Win7 Debug|x64
		Win7 Release|Win32 = Win7 Release|Win32
		Win7 Release|x64 = Win7 Release|x64
		Win8.1 Debug|Win32 = Win8.1 Debug|Win32
		Win8.1 Debug|x64 = Win8.1 Debug|x64
		Win8.1 Release|Win32 = Win8.1 Release|Win32
		Win8.1 Release|x64 = Win8.1 Release|x64
		Win8 Debug|Win32 = Win8 Debug|Win32
		Win8 Debug|x64 = Win8 Debug|x64
		Win8 Release|Win32 = Win8 Release|Win32
		Win8 Release|x64 = Win8 Release|x64
	EndGlobalSection
	GlobalSection(ProjectConfigurationPlatforms) = postSolution
		{112E386D-993C-4290-88D1-AF240977E22F}.Debug|Win32.ActiveCfg = Win8.1 Debug|Win32
		{112E386D-993C-4290-88D1-AF240977E22F}.Debug|Win32.Build.0 = Win8.1 Debug|Win32
		{112E386D-993C-4290-88D1-AF240977E22F}.Debug|Win32.Deploy.0 = Win8.1 Debug|Win32
		{112E386D-993C-4290-88D1-AF240977E22F}.Debug|x64.ActiveCfg = Win8.1 Debug|x64
		{112E386D-993C-4290-88D1-AF240977E22F}.Debug|x64.Build.0 = Win8.1 Debug|x64
		{112E386D-993C-4290-88D1-AF240977E22F}.Release|Win32.ActiveCfg = Win8.1 Release|Win32
		{112E386D-993C-4290-88D1-AF240977E22F}.Release|Win32.Build.0 = Win8.1 Release|Win32
		{112E386D-993C-4290-88D1-AF240977E22F}.Release|Win32.Deploy.0 = Win8.1 Release|Win32
		{112E386D-993C-4290-88D1-AF240977E22F}.Release|x64.ActiveCfg = Win8.1 Release|x64
		{112E386D-993C-4290-88D1-AF240977E22F}.Release|x64.Build.0 = Win8.1 Release|x64
		{112E386D-993C-4290-88D1-AF240977E22F}.Debug|Win32.ActiveCfg = Win8 Debug|Win32
		{112E386D-993C-4290-88D1-AF240977E22F}.Debug|Win32.Build.0 = Win8 Debug|Win32
		{112E386D-993C-4290-88D1-AF240977E22F}.Debug|Win32.Deploy.0 = Win8 Debug|Win32
		{112E386D-993C-4290-88D1-AF240977E22F}.Debug|x64.ActiveCfg = Win8 Debug|x64
		{112E386D-993C-4290-88D1-AF240977E22F}.Debug|x64.Build.0 = Win8 Debug|x64
		{112E386D-993C-4290-88D1-AF240977E22F}.Release|Win32.ActiveCfg = Win8 Release|Win32
		{112E386D-993C-4290-88D1-AF240977E22F}.Release|Win32.Build.0 = Win8 Release|Win32
		{112E386D-993C-4290-88D1-AF240977E22F}.Release|Win32.Deploy.0 = Win8 Release|Win32
		{112E386D-993C-4290-88D1-AF240977E22F}.Release|x64.ActiveCfg = Win8 Release|x64
		{112E386D-993C-4290-88D1-AF240977E22F}.Release|x64.Build.0 = Win8 Release|x64
		{112E386D-993C-4290-88D1-AF240977E22F}.Win7 Debug|Win32.ActiveCfg = Win7 Debug|Win32
		{112E386D-993C-4290-88D1-AF240977E22F}.Win7 Debug|Win32.Build.0 = Win7 Debug|Win32
		{112E386D-993C-4290-88D1-AF240977E22F}.Win7 Debug|Win32.Deploy.0 = Win7 Debug|Win32
		{112E386D-993C-4290-88D1-AF240977E22F}.Win7 Debug|x64.ActiveCfg = Win7 Debug|x64
		{112E386D-993C-4290-88D1-AF240977E22F}.Win7 Debug|x64.Build.0 = Win7 Debug|x64
		{112E386D-993C-4290-88D1-AF240977E22F}.Win7 Debug|x64.Deploy.0 = Win7 Debug|x64
		{112E386D-993C-4290-88D1-AF240977E22F}.Win7 Release|Win32.ActiveCfg = Win7 Release|Win32
		{112E386D-993C-4290-88D1-AF240977E22F}.Win7 Release|Win32.Build.0 = Win7 Release|Win32
		{112E386D-993C-4290-88D1-AF240977E22F}.Win7 Release|Win32.Deploy.0 = Win7 Release|Win32
		{112E386D-993C-4290-88D1-AF240977E22F}.Win7 Release|x64.ActiveCfg = Win7 Release|x64
		{112E386D-993C-4290-88D1-AF240977E22F}.Win7 Release|x64.Build.0 = Win7 Release|x64
		{112E386D-993C-4290-88D1-AF240977E22F}.Win7 Release|x64.Deploy.0 = Win7 Release|x64
		{112E386D-993C-4290-88D1-AF240977E22F}.Win8.1 Debug|Win32.ActiveCfg = Win8.1 Debug|Win32
		{112E386D-993C-4290-88D1-AF240977E22F}.Win8.1 Debug|Win32.Build.0 = Win8.1 Debug|Win32
		{112E386D-993C-4290-88D1-AF240977E22F}.Win8.1 Debug|Win32.Deploy.0 = Win8.1 Debug|Win32
		{112E386D-993C-4290-88D1-AF240977E22F}.Win8.1 Debug|x64.ActiveCfg = Win8.1 Debug|x64
		{112E386D-993C-4290-88D1-AF240977E22F}.Win8.1 Debug|x64.Build.0 = Win8.1 Debug|x64
		{112E386D-993C-4290-88D1-AF240977E22F}.Win8.1 Debug|x64.Deploy.0 = Win8.1 Debug|x64
		{112E386D-993C-4290-88D1-AF240977E22F}.Win8.1 Release|Win32.ActiveCfg = Win8.1 Release|Win32
		{112E386D-993C-4290-88D1-AF240977E22F}.Win8.1 Release|Win32.Build.0 = Win8.1 Release|Win32
		{112E386D-993C-4290-88D1-AF240977E22F}.Win8.1 Release|Win32.Deploy.0 = Win8.1 Release|Win32
		{112E386D-993C-4290-88D1-AF240977E22F}.Win8.1 Release|x64.ActiveCfg = Win8.1 Release|x64
		{112E386D-993C-4290-88D1-AF240977E22F}.Win8.1 Release|x64.Build.0 = Win8.1 Release|x64
		{112E386D-993C-4290-88D1-AF240977E22F}.Win8.1 Release|x64.Deploy.0 = Win8.1 Release|x64
		{96456F22-C080-4E9C-8B7B-DE8CCCFDDCA9}.Debug|Win32.ActiveCfg = Win8.1 Debug|Win32
		{96456F22-C080-4E9C-8B7B-DE8CCCFDDCA9}.Debug|Win32.Build.0 = Win8.1 Debug|Win32
		{96456F22-C080-4E9C-8B7B-DE8CCCFDDCA9}.Debug|Win32.Deploy.0 = Win8.1 Debug|Win32
		{96456F22-C080-4E9C-8B7B-DE8CCCFDDCA9}.Debug|x64.ActiveCfg = Win8.1 Debug|x64
		{96456F22-C080-4E9C-8B7B-DE8CCCFDDCA9}.Debug|x64.Build.0 = Win8.1 Debug|x64
		{96456F22-C080-4E9C-8B7B-DE8CCCFDDCA9}.Release|Win32.ActiveCfg = Win8.1 Release|Win32
		{96456F22-C080-4E9C-8B7B-DE8CCCFDDCA9}.Release|Win32.Build.0 = Win8.1 Release|Win32
		{96456F22-C080-4E9C-8B7B-DE8CCCFDDCA9}.Release|Win32.Deploy.0 = Win8.1 Release|Win32
		{96456F22-C080-4E9C-8B7B-DE8CCCFDDCA9}.Release|x64.ActiveCfg = Win8.1 Release|x64
		{96456F22-C080-4E9C-8B7B-DE8CCCFDDCA9}.Release|x64.Build.0 = Win8.1 Release|x64
		{112E386D-993C-4290-88D1-AF240977E22F}.Win8 Debug|Win32.ActiveCfg = Win8 Debug|Win32
		{112E386D-993C-4290-88D1-AF240977E22F}.Win8 Debug|Win32.Build.0 = Win8 Debug|Win32
		{112E386D-993C-4290-88D1-AF240977E22F}.Win8 Debug|Win32.Deploy.0 = Win8 Debug|Win32
		{112E386D-993C-4290-88D1-AF240977E22F}.Win8 Debug|x64.ActiveCfg = Win8 Debug|x64
		{112E386D-993C-4290-88D1-AF240977E22F}.Win8 Debug|x64.Build.0 = Win8 Debug|x64
		{112E386D-993C-4290-88D1-AF240977E22F}.Win8 Debug|x64.Deploy.0 = Win8 Debug|x64
		{112E386D-993C-4290-88D1-AF240977E22F}.Win8 Release|Win32.ActiveCfg = Win8 Release|Win32
		{112E386D-993C-4290-88D1-AF240977E22F}.Win8 Release|Win32.Build.0 = Win8 Release|Win32
		{112E386D-993C-4290-88D1-AF240977E22F}.Win8 Release|Win32.Deploy.0 = Win8 Release|Win32
		{112E386D-993C-4290-88D1-AF240977E22F}.Win8 Release|x64.ActiveCfg = Win8 Release|x64
		{112E386D-993C-4290-88D1-AF240977E22F}.Win8 Release|x64.Build.0 = Win8 Release|x64
		{112E386D-993C-4290-88D1-AF240977E22F}.Win8 Release|x64.Deploy.0 = Win8 Release|x64
		{96456F22-C080-4E9C-8B7B-DE8CCCFDDCA9}.Debug|Win32.ActiveCfg = Win8 Debug|Win32
		{96456F22-C080-4E9C-8B7B-DE8CCCFDDCA9}.Debug|Win32.Build.0 = Win8 Debug|Win32
		{96456F22-C080-4E9C-8B7B-DE8CCCFDDCA9}.Debug|Win32.Deploy.0 = Win8 Debug|Win32
		{96456F22-C080-4E9C-8B7B-DE8CCCFDDCA9}.Debug|x64.ActiveCfg = Win8 Debug|x64
		{96456F22-C080-4E9C-8B7B-DE8CCCFDDCA9}.Debug|x64.Build.0 = Win8 Debug|x64
		{96456F22-C080-4E9C-8B7B-DE8CCCFDDCA9}.Release|Win32.ActiveCfg = Win8 Release|Win32
		{96456F22-C080-4E9C-8B7B-DE8CCCFDDCA9}.Release|Win32.Build.0 = Win8 Release|Win32
		{96456F22-C080-4E9C-8B7B-DE8CCCFDDCA9}.Release|Win32.Deploy.0 = Win8 Release|Win32
		{96456F22-C080-4E9C-8B7B-DE8CCCFDDCA9}.Release|x64.ActiveCfg = Win8 Release|x64
		{96456F22-C080-4E9C-8B7B-DE8CCCFDDCA9}.Release|x64.Build.0 = Win8 Release|x64
		{96456F22-C080-4E9C-8B7B-DE8CCCFDDCA9}.Win7 Debug|Win32.ActiveCfg = Win7 Debug|Win32
		{96456F22-C080-4E9C-8B7B-DE8CCCFDDCA9}.Win7 Debug|Win32.Build.0 = Win7 Debug|Win32
		{96456F22-C080-4E9C-8B7B-DE8CCCFDDCA9}.Win7 Debug|Win32.Deploy.0 = Win7 Debug|Win32
		{96456F22-C080-4E9C-8B7B-DE8CCCFDDCA9}.Win7 Debug|x64.ActiveCfg = Win7 Debug|x64
		{96456F22-C080-4E9C-8B7B-DE8CCCFDDCA9}.Win7 Debug|x64.Build.0 = Win7 Debug|x64
		{96456F22-C080-4E9C-8B7B-DE8CCCFDDCA9}.Win7 Debug|x64.Deploy.0 = Win7 Debug|x64
		{96456F22-C080-4E9C-8B7B-DE8CCCFDDCA9}.Win7 Release|Win32.ActiveCfg = Win7 Release|Win32
		{96456F22-C080-4E9C-8B7B-DE8CCCFDDCA9}.Win7 Release|Win32.Build.0 = Win7 Release|Win32
		{96456F22-C080-4E9C-8B7B-DE8CCCFDDCA9}.Win7 Release|Win32.Deploy.0 = Win7 Release|Win32
		{96456F22-C080-4E9C-8B7B-DE8CCCFDDCA9}.Win7 Release|x64.ActiveCfg = Win7 Release|x64
		{96456F22-C080-4E9C-8B7B-DE8CCCFDDCA9}.Win7 Release|x64.Build.0 = Win7 Release|x64
		{96456F22-C080-4E9C-8B7B-DE8CCCFDDCA9}.Win7 Release|x64.Deploy.0 = Win7 Release|x64
		{96456F22-C080-4E9C-8B7B-DE8CCCFDDCA9}.Win8.1 Debug|Win32.ActiveCfg = Win8.1 Debug|Win32
		{96456F22-C080-4E9C-8B7B-DE8CCCFDDCA9}.Win8.1 Debug|Win32.Build.0 = Win8.1 Debug|Win32
		{96456F22-C080-4E9C-8B7B-DE8CCCFDDCA9}.Win8.1 Debug|Win32.Deploy.0 = Win8.1 Debug|Win32
		{96456F22-C080-4E9C-8B7B-DE8CCCFDDCA9}.Win8.1 Debug|x64.ActiveCfg = Win8.1 Debug|x64
		{96456F22-C080-4E9C-8B7B-DE8CCCFDDCA9}.Win8.1 Debug|x64.Build.0 = Win8.1 Debug|x64
		{96456F22-C080-4E9C-8B7B-DE8CCCFDDCA9}.Win8.1 Debug|x64.Deploy.0 = Win8.1 Debug|x64
		{96456F22-C080-4E9C-8B7B-DE8CCCFDDCA9}.Win8.1 Release|Win32.ActiveCfg = Win8.1 Release|Win32
		{96456F22-C080-4E9C-8B7B-DE8CCCFDDCA9}.Win8.1 Release|Win32.Build.0 = Win8.1 Release|Win32
		{96456F22-C080-4E9C-8B7B-DE8CCCFDDCA9}.Win8.1 Release|Win32.Deploy.0 = Win8.1 Release|Win32
		{96456F22-C080-4E9C-8B7B-DE8CCCFDDCA9}.Win8.1 Release|x64.ActiveCfg = Win8.1 Release|x64
		{96456F22-C080-4E9C-8B7B-DE8CCCFDDCA9}.Win8.1 Release|x64.Build.0 = Win8.1 Release|x64
		{96456F22-C080-4E9C-8B7B-DE8CCCFDDCA9}.Win8.1 Release|x64.Deploy.0 = Win8.1 Release|x64
		{96456F22-C080-4E9C-8B7B-DE8CCCFDDCA9}.Win8 Debug|Win32.ActiveCfg = Win8 Debug|Win32
		{96456F22-C080-4E9C-8B7B-DE8CCCFDDCA9}.Win8 Debug|Win32.Build.0 = Win8 Debug|Win32
		{96456F22-C080-4E9C-8B7B-DE8CCCFDDCA9}.Win8 Debug|Win32.Deploy.0 = Win8 Debug|Win32
		{96456F22-C080-4E9C-8B7B-DE8CCCFDDCA9}.Win8 Debug|x64.ActiveCfg = Win8 Debug|x64
		{96456F22-C080-4E9C-8B7B-DE8CCCFDDCA9}.Win8 Debug|x64.Build.0 = Win8 Debug|x64
		{96456F22-C080-4E9C-8B7B-DE8CCCFDDCA9}.Win8 Debug|x64.Deploy.0 = Win8 Debug|x64
		{96456F22-C080-4E9C-8B7B-DE8CCCFDDCA9}.Win8 Release|Win32.ActiveCfg = Win8 Release|Win32
		{96456F22-C080-4E9C-8B7B-DE8CCCFDDCA9}.Win8 Release|Win32.Build.0 = Win8 Release|Win32
		{96456F22-C080-4E9C-8B7B-DE8CCCFDDCA9}.Win8 Release|Win32.Deploy.0 = Win8 Release|Win32
		{96456F22-C080-4E9C-8B7B-DE8CCCFDDCA9}.Win8 Release|x64.ActiveCfg = Win8 Release|x64
		{96456F22-C080-4E9C-8B7B-DE8CCCFDDCA9}.Win8 Release|x64.Build.0 = Win8 Release|x64
		{96456F22-C080-4E9C-8B7B-DE8CCCFDDCA9}.Win8 Release|x64.Deploy.0 = Win8 Release|x64
		{FB571E44-863E-4296-9105-8A7B5CAD30B4}.Debug|Win32.ActiveCfg = Debug|Win32
		{FB571E44-863E-4296-9105-8A7B5CAD30B4}.Debug|Win32.Build.0 = Debug|Win32
		{FB571E44-863E-4296-9105-8A7B5CAD30B4}.Debug|Win32.Deploy.0 = Debug|Win32
		{FB571E44-863E-4296-9105-8A7B5CAD30B4}.Debug|x64.ActiveCfg = Debug|Win32
		{FB571E44-863E-4296-9105-8A7B5CAD30B4}.Release|Win32.ActiveCfg = Release|Win32
		{FB571E44-863E-4296-9105-8A7B5CAD30B4}.Release|Win32.Build.0 = Release|Win32
		{FB571E44-863E-4296-9105-8A7B5CAD30B4}.Release|Win32.Deploy.0 = Release|Win32
		{FB571E44-863E-4296-9105-8A7B5CAD30B4}.Release|x64.ActiveCfg = Release|Win32
		{FB571E44-863E-4296-9105-8A7B5CAD30B4}.Vista Debug|Win32.ActiveCfg = Debug|Win32
		{FB571E44-863E-4296-9105-8A7B5CAD30B4}.Vista Debug|Win32.Build.0 = Debug|Win32
		{FB571E44-863E-4296-9105-8A7B5CAD30B4}.Vista Debug|Win32.Deploy.0 = Debug|Win32
		{FB571E44-863E-4296-9105-8A7B5CAD30B4}.Vista Debug|x64.ActiveCfg = Debug|Win32
		{FB571E44-863E-4296-9105-8A7B5CAD30B4}.Vista Release|Win32.ActiveCfg = Release|Win32
		{FB571E44-863E-4296-9105-8A7B5CAD30B4}.Vista Release|Win32.Build.0 = Release|Win32
		{FB571E44-863E-4296-9105-8A7B5CAD30B4}.Vista Release|Win32.Deploy.0 = Release|Win32
		{FB571E44-863E-4296-9105-8A7B5CAD30B4}.Vista Release|x64.ActiveCfg = Release|Win32
		{FB571E44-863E-4296-9105-8A7B5CAD30B4}.Win7 Debug|Win32.ActiveCfg = Debug|Win32
		{FB571E44-863E-4296-9105-8A7B5CAD30B4}.Win7 Debug|Win32.Build.0 = Debug|Win32
		{FB571E44-863E-4296-9105-8A7B5CAD30B4}.Win7 Debug|Win32.Deploy.0 = Debug|Win32
		{FB571E44-863E-4296-9105-8A7B5CAD30B4}.Win7 Debug|x64.ActiveCfg = Debug|Win32
		{FB571E44-863E-4296-9105-8A7B5CAD30B4}.Win7 Release|Win32.ActiveCfg = Release|Win32
		{FB571E44-863E-4296-9105-8A7B5CAD30B4}.Win7 Release|Win32.Build.0 = Release|Win32
		{FB571E44-863E-4296-9105-8A7B5CAD30B4}.Win7 Release|Win32.Deploy.0 = Release|Win32
		{FB571E44-863E-4296-9105-8A7B5CAD30B4}.Win7 Release|x64.ActiveCfg = Release|Win32
		{FB571E44-863E-4296-9105-8A7B5CAD30B4}.Win8.1 Debug|Win32.ActiveCfg = Debug|Win32
		{FB571E44-863E-4296-9105-8A7B5CAD30B4}.Win8.1 Debug|Win32.Build.0 = Debug|Win32
		{FB571E44-863E-4296-9105-8A7B5CAD30B4}.Win8.1 Debug|Win32.Deploy.0 = Debug|Win32
		{FB571E44-863E-4296-9105-8A7B5CAD30B4}.Win8.1 Debug|x64.ActiveCfg = Debug|Win32
		{FB571E44-863E-4296-9105-8A7B5CAD30B4}.Win8.1 Release|Win32.ActiveCfg = Release|Win32
		{FB571E44-863E-4296-9105-8A7B5CAD30B4}.Win8.1 Release|Win32.Build.0 = Release|Win32
		{FB571E44-863E-4296-9105-8A7B5CAD30B4}.Win8.1 Release|Win32.Deploy.0 = Release|Win32
		{FB571E44-863E-4296-9105-8A7B5CAD30B4}.Win8.1 Release|x64.ActiveCfg = Release|Win32
		{FB571E44-863E-4296-9105-8A7B5CAD30B4}.Win8 Debug|Win32.ActiveCfg = Debug|Win32
		{FB571E44-863E-4296-9105-8A7B5CAD30B4}.Win8 Debug|Win32.Build.0 = Debug|Win32
		{FB571E44-863E-4296-9105-8A7B5CAD30B4}.Win8 Debug|Win32.Deploy.0 = Debug|Win32
		{FB571E44-863E-4296-9105-8A7B5CAD30B4}.Win8 Debug|x64.ActiveCfg = Debug|Win32
		{FB571E44-863E-4296-9105-8A7B5CAD30B4}.Win8 Release|Win32.ActiveCfg = Release|Win32
		{FB571E44-863E-4296-9105-8A7B5CAD30B4}.Win8 Release|Win32.Build.0 = Release|Win32
		{FB571E44-863E-4296-9105-8A7B5CAD30B4}.Win8 Release|Win32.Deploy.0 = Release|Win32
		{FB571E44-863E-4296-9105-8A7B5CAD30B4}.Win8 Release|x64.ActiveCfg = Release|Win32
	EndGlobalSection
	GlobalSection(SolutionProperties) = preSolution
		HideSolutionNode = FALSE
	EndGlobalSection
EndGlobal
